// !$*UTF8*$!
{
	archiveVersion = 1;
	classes = {
	};
	objectVersion = 56;
	objects = {

/* Begin PBXBuildFile section */
		DB1650DD2A2E305100DD1207 /* PokemonTableViewCell.swift in Sources */ = {isa = PBXBuildFile; fileRef = DB1650DC2A2E305100DD1207 /* PokemonTableViewCell.swift */; };
		DB8EEADD2A24F5CD006E91AD /* AppDelegate.swift in Sources */ = {isa = PBXBuildFile; fileRef = DB8EEADC2A24F5CD006E91AD /* AppDelegate.swift */; };
		DB8EEADF2A24F5CD006E91AD /* SceneDelegate.swift in Sources */ = {isa = PBXBuildFile; fileRef = DB8EEADE2A24F5CD006E91AD /* SceneDelegate.swift */; };
		DB8EEAE42A24F5CD006E91AD /* Main.storyboard in Resources */ = {isa = PBXBuildFile; fileRef = DB8EEAE22A24F5CD006E91AD /* Main.storyboard */; };
		DB8EEAE62A24F5CD006E91AD /* Assets.xcassets in Resources */ = {isa = PBXBuildFile; fileRef = DB8EEAE52A24F5CD006E91AD /* Assets.xcassets */; };
		DB8EEAE92A24F5CD006E91AD /* LaunchScreen.storyboard in Resources */ = {isa = PBXBuildFile; fileRef = DB8EEAE72A24F5CD006E91AD /* LaunchScreen.storyboard */; };
		DB8EEAF12A24F62A006E91AD /* PokedexTableViewController.swift in Sources */ = {isa = PBXBuildFile; fileRef = DB8EEAF02A24F62A006E91AD /* PokedexTableViewController.swift */; };
		DB8EEAF32A24F672006E91AD /* PokeAPI_Helper.swift in Sources */ = {isa = PBXBuildFile; fileRef = DB8EEAF22A24F672006E91AD /* PokeAPI_Helper.swift */; };
		DB8EEAF52A24F8EE006E91AD /* Pokedex.swift in Sources */ = {isa = PBXBuildFile; fileRef = DB8EEAF42A24F8EE006E91AD /* Pokedex.swift */; };
		DB8EEAF72A250005006E91AD /* PokemonDataViewController.swift in Sources */ = {isa = PBXBuildFile; fileRef = DB8EEAF62A250005006E91AD /* PokemonDataViewController.swift */; };
		DB8EEAF92A250104006E91AD /* PokeData.swift in Sources */ = {isa = PBXBuildFile; fileRef = DB8EEAF82A250104006E91AD /* PokeData.swift */; };
/* End PBXBuildFile section */

/* Begin PBXFileReference section */
		DB1650DC2A2E305100DD1207 /* PokemonTableViewCell.swift */ = {isa = PBXFileReference; lastKnownFileType = sourcecode.swift; path = PokemonTableViewCell.swift; sourceTree = "<group>"; };
		DB8EEAD92A24F5CD006E91AD /* PokeDex.app */ = {isa = PBXFileReference; explicitFileType = wrapper.application; includeInIndex = 0; path = PokeDex.app; sourceTree = BUILT_PRODUCTS_DIR; };
		DB8EEADC2A24F5CD006E91AD /* AppDelegate.swift */ = {isa = PBXFileReference; lastKnownFileType = sourcecode.swift; path = AppDelegate.swift; sourceTree = "<group>"; };
		DB8EEADE2A24F5CD006E91AD /* SceneDelegate.swift */ = {isa = PBXFileReference; lastKnownFileType = sourcecode.swift; path = SceneDelegate.swift; sourceTree = "<group>"; };
		DB8EEAE32A24F5CD006E91AD /* Base */ = {isa = PBXFileReference; lastKnownFileType = file.storyboard; name = Base; path = Base.lproj/Main.storyboard; sourceTree = "<group>"; };
		DB8EEAE52A24F5CD006E91AD /* Assets.xcassets */ = {isa = PBXFileReference; lastKnownFileType = folder.assetcatalog; path = Assets.xcassets; sourceTree = "<group>"; };
		DB8EEAE82A24F5CD006E91AD /* Base */ = {isa = PBXFileReference; lastKnownFileType = file.storyboard; name = Base; path = Base.lproj/LaunchScreen.storyboard; sourceTree = "<group>"; };
		DB8EEAEA2A24F5CD006E91AD /* Info.plist */ = {isa = PBXFileReference; lastKnownFileType = text.plist.xml; path = Info.plist; sourceTree = "<group>"; };
		DB8EEAF02A24F62A006E91AD /* PokedexTableViewController.swift */ = {isa = PBXFileReference; lastKnownFileType = sourcecode.swift; path = PokedexTableViewController.swift; sourceTree = "<group>"; };
		DB8EEAF22A24F672006E91AD /* PokeAPI_Helper.swift */ = {isa = PBXFileReference; lastKnownFileType = sourcecode.swift; path = PokeAPI_Helper.swift; sourceTree = "<group>"; };
		DB8EEAF42A24F8EE006E91AD /* Pokedex.swift */ = {isa = PBXFileReference; lastKnownFileType = sourcecode.swift; path = Pokedex.swift; sourceTree = "<group>"; };
		DB8EEAF62A250005006E91AD /* PokemonDataViewController.swift */ = {isa = PBXFileReference; lastKnownFileType = sourcecode.swift; path = PokemonDataViewController.swift; sourceTree = "<group>"; };
		DB8EEAF82A250104006E91AD /* PokeData.swift */ = {isa = PBXFileReference; lastKnownFileType = sourcecode.swift; path = PokeData.swift; sourceTree = "<group>"; };
/* End PBXFileReference section */

/* Begin PBXFrameworksBuildPhase section */
		DB8EEAD62A24F5CD006E91AD /* Frameworks */ = {
			isa = PBXFrameworksBuildPhase;
			buildActionMask = 2147483647;
			files = (
			);
			runOnlyForDeploymentPostprocessing = 0;
		};
/* End PBXFrameworksBuildPhase section */

/* Begin PBXGroup section */
		DB8EEAD02A24F5CD006E91AD = {
			isa = PBXGroup;
			children = (
				DB8EEADB2A24F5CD006E91AD /* PokeDex */,
				DB8EEADA2A24F5CD006E91AD /* Products */,
			);
			sourceTree = "<group>";
		};
		DB8EEADA2A24F5CD006E91AD /* Products */ = {
			isa = PBXGroup;
			children = (
				DB8EEAD92A24F5CD006E91AD /* PokeDex.app */,
			);
			name = Products;
			sourceTree = "<group>";
		};
		DB8EEADB2A24F5CD006E91AD /* PokeDex */ = {
			isa = PBXGroup;
			children = (
				DB8EEADC2A24F5CD006E91AD /* AppDelegate.swift */,
				DB8EEADE2A24F5CD006E91AD /* SceneDelegate.swift */,
				DB8EEAF02A24F62A006E91AD /* PokedexTableViewController.swift */,
				DB8EEAE22A24F5CD006E91AD /* Main.storyboard */,
				DB8EEAF62A250005006E91AD /* PokemonDataViewController.swift */,
				DB1650DC2A2E305100DD1207 /* PokemonTableViewCell.swift */,
				DB8EEAF22A24F672006E91AD /* PokeAPI_Helper.swift */,
				DB8EEAF82A250104006E91AD /* PokeData.swift */,
				DB8EEAF42A24F8EE006E91AD /* Pokedex.swift */,
				DB8EEAE52A24F5CD006E91AD /* Assets.xcassets */,
				DB8EEAE72A24F5CD006E91AD /* LaunchScreen.storyboard */,
				DB8EEAEA2A24F5CD006E91AD /* Info.plist */,
			);
			path = PokeDex;
			sourceTree = "<group>";
		};
/* End PBXGroup section */

/* Begin PBXNativeTarget section */
		DB8EEAD82A24F5CD006E91AD /* PokeDex */ = {
			isa = PBXNativeTarget;
			buildConfigurationList = DB8EEAED2A24F5CD006E91AD /* Build configuration list for PBXNativeTarget "PokeDex" */;
			buildPhases = (
				DB8EEAD52A24F5CD006E91AD /* Sources */,
				DB8EEAD62A24F5CD006E91AD /* Frameworks */,
				DB8EEAD72A24F5CD006E91AD /* Resources */,
			);
			buildRules = (
			);
			dependencies = (
			);
			name = PokeDex;
			productName = PokeDex;
			productReference = DB8EEAD92A24F5CD006E91AD /* PokeDex.app */;
			productType = "com.apple.product-type.application";
		};
/* End PBXNativeTarget section */

/* Begin PBXProject section */
		DB8EEAD12A24F5CD006E91AD /* Project object */ = {
			isa = PBXProject;
			attributes = {
				BuildIndependentTargetsInParallel = 1;
				LastSwiftUpdateCheck = 1430;
				LastUpgradeCheck = 1430;
				TargetAttributes = {
					DB8EEAD82A24F5CD006E91AD = {
						CreatedOnToolsVersion = 14.3;
					};
				};
			};
			buildConfigurationList = DB8EEAD42A24F5CD006E91AD /* Build configuration list for PBXProject "PokeDex" */;
			compatibilityVersion = "Xcode 14.0";
			developmentRegion = en;
			hasScannedForEncodings = 0;
			knownRegions = (
				en,
				Base,
			);
			mainGroup = DB8EEAD02A24F5CD006E91AD;
			productRefGroup = DB8EEADA2A24F5CD006E91AD /* Products */;
			projectDirPath = "";
			projectRoot = "";
			targets = (
				DB8EEAD82A24F5CD006E91AD /* PokeDex */,
			);
		};
/* End PBXProject section */

/* Begin PBXResourcesBuildPhase section */
		DB8EEAD72A24F5CD006E91AD /* Resources */ = {
			isa = PBXResourcesBuildPhase;
			buildActionMask = 2147483647;
			files = (
				DB8EEAE92A24F5CD006E91AD /* LaunchScreen.storyboard in Resources */,
				DB8EEAE62A24F5CD006E91AD /* Assets.xcassets in Resources */,
				DB8EEAE42A24F5CD006E91AD /* Main.storyboard in Resources */,
			);
			runOnlyForDeploymentPostprocessing = 0;
		};
/* End PBXResourcesBuildPhase section */

/* Begin PBXSourcesBuildPhase section */
		DB8EEAD52A24F5CD006E91AD /* Sources */ = {
			isa = PBXSourcesBuildPhase;
			buildActionMask = 2147483647;
			files = (
				DB8EEAF12A24F62A006E91AD /* PokedexTableViewController.swift in Sources */,
				DB1650DD2A2E305100DD1207 /* PokemonTableViewCell.swift in Sources */,
				DB8EEADD2A24F5CD006E91AD /* AppDelegate.swift in Sources */,
				DB8EEAF92A250104006E91AD /* PokeData.swift in Sources */,
				DB8EEAF72A250005006E91AD /* PokemonDataViewController.swift in Sources */,
				DB8EEAF52A24F8EE006E91AD /* Pokedex.swift in Sources */,
				DB8EEADF2A24F5CD006E91AD /* SceneDelegate.swift in Sources */,
				DB8EEAF32A24F672006E91AD /* PokeAPI_Helper.swift in Sources */,
			);
			runOnlyForDeploymentPostprocessing = 0;
		};
/* End PBXSourcesBuildPhase section */

/* Begin PBXVariantGroup section */
		DB8EEAE22A24F5CD006E91AD /* Main.storyboard */ = {
			isa = PBXVariantGroup;
			children = (
				DB8EEAE32A24F5CD006E91AD /* Base */,
			);
			name = Main.storyboard;
			sourceTree = "<group>";
		};
		DB8EEAE72A24F5CD006E91AD /* LaunchScreen.storyboard */ = {
			isa = PBXVariantGroup;
			children = (
				DB8EEAE82A24F5CD006E91AD /* Base */,
			);
			name = LaunchScreen.storyboard;
			sourceTree = "<group>";
		};
/* End PBXVariantGroup section */

/* Begin XCBuildConfiguration section */
		DB8EEAEB2A24F5CD006E91AD /* Debug */ = {
			isa = XCBuildConfiguration;
			buildSettings = {
				ALWAYS_SEARCH_USER_PATHS = NO;
				CLANG_ANALYZER_NONNULL = YES;
				CLANG_ANALYZER_NUMBER_OBJECT_CONVERSION = YES_AGGRESSIVE;
				CLANG_CXX_LANGUAGE_STANDARD = "gnu++20";
				CLANG_ENABLE_MODULES = YES;
				CLANG_ENABLE_OBJC_ARC = YES;
				CLANG_ENABLE_OBJC_WEAK = YES;
				CLANG_WARN_BLOCK_CAPTURE_AUTORELEASING = YES;
				CLANG_WARN_BOOL_CONVERSION = YES;
				CLANG_WARN_COMMA = YES;
				CLANG_WARN_CONSTANT_CONVERSION = YES;
				CLANG_WARN_DEPRECATED_OBJC_IMPLEMENTATIONS = YES;
				CLANG_WARN_DIRECT_OBJC_ISA_USAGE = YES_ERROR;
				CLANG_WARN_DOCUMENTATION_COMMENTS = YES;
				CLANG_WARN_EMPTY_BODY = YES;
				CLANG_WARN_ENUM_CONVERSION = YES;
				CLANG_WARN_INFINITE_RECURSION = YES;
				CLANG_WARN_INT_CONVERSION = YES;
				CLANG_WARN_NON_LITERAL_NULL_CONVERSION = YES;
				CLANG_WARN_OBJC_IMPLICIT_RETAIN_SELF = YES;
				CLANG_WARN_OBJC_LITERAL_CONVERSION = YES;
				CLANG_WARN_OBJC_ROOT_CLASS = YES_ERROR;
				CLANG_WARN_QUOTED_INCLUDE_IN_FRAMEWORK_HEADER = YES;
				CLANG_WARN_RANGE_LOOP_ANALYSIS = YES;
				CLANG_WARN_STRICT_PROTOTYPES = YES;
				CLANG_WARN_SUSPICIOUS_MOVE = YES;
				CLANG_WARN_UNGUARDED_AVAILABILITY = YES_AGGRESSIVE;
				CLANG_WARN_UNREACHABLE_CODE = YES;
				CLANG_WARN__DUPLICATE_METHOD_MATCH = YES;
				COPY_PHASE_STRIP = NO;
				DEBUG_INFORMATION_FORMAT = dwarf;
				ENABLE_STRICT_OBJC_MSGSEND = YES;
				ENABLE_TESTABILITY = YES;
				GCC_C_LANGUAGE_STANDARD = gnu11;
				GCC_DYNAMIC_NO_PIC = NO;
				GCC_NO_COMMON_BLOCKS = YES;
				GCC_OPTIMIZATION_LEVEL = 0;
				GCC_PREPROCESSOR_DEFINITIONS = (
					"DEBUG=1",
					"$(inherited)",
				);
				GCC_WARN_64_TO_32_BIT_CONVERSION = YES;
				GCC_WARN_ABOUT_RETURN_TYPE = YES_ERROR;
				GCC_WARN_UNDECLARED_SELECTOR = YES;
				GCC_WARN_UNINITIALIZED_AUTOS = YES_AGGRESSIVE;
				GCC_WARN_UNUSED_FUNCTION = YES;
				GCC_WARN_UNUSED_VARIABLE = YES;
				IPHONEOS_DEPLOYMENT_TARGET = 16.4;
				MTL_ENABLE_DEBUG_INFO = INCLUDE_SOURCE;
				MTL_FAST_MATH = YES;
				ONLY_ACTIVE_ARCH = YES;
				SDKROOT = iphoneos;
				SWIFT_ACTIVE_COMPILATION_CONDITIONS = DEBUG;
				SWIFT_OPTIMIZATION_LEVEL = "-Onone";
			};
			name = Debug;
		};
		DB8EEAEC2A24F5CD006E91AD /* Release */ = {
			isa = XCBuildConfiguration;
			buildSettings = {
				ALWAYS_SEARCH_USER_PATHS = NO;
				CLANG_ANALYZER_NONNULL = YES;
				CLANG_ANALYZER_NUMBER_OBJECT_CONVERSION = YES_AGGRESSIVE;
				CLANG_CXX_LANGUAGE_STANDARD = "gnu++20";
				CLANG_ENABLE_MODULES = YES;
				CLANG_ENABLE_OBJC_ARC = YES;
				CLANG_ENABLE_OBJC_WEAK = YES;
				CLANG_WARN_BLOCK_CAPTURE_AUTORELEASING = YES;
				CLANG_WARN_BOOL_CONVERSION = YES;
				CLANG_WARN_COMMA = YES;
				CLANG_WARN_CONSTANT_CONVERSION = YES;
				CLANG_WARN_DEPRECATED_OBJC_IMPLEMENTATIONS = YES;
				CLANG_WARN_DIRECT_OBJC_ISA_USAGE = YES_ERROR;
				CLANG_WARN_DOCUMENTATION_COMMENTS = YES;
				CLANG_WARN_EMPTY_BODY = YES;
				CLANG_WARN_ENUM_CONVERSION = YES;
				CLANG_WARN_INFINITE_RECURSION = YES;
				CLANG_WARN_INT_CONVERSION = YES;
				CLANG_WARN_NON_LITERAL_NULL_CONVERSION = YES;
				CLANG_WARN_OBJC_IMPLICIT_RETAIN_SELF = YES;
				CLANG_WARN_OBJC_LITERAL_CONVERSION = YES;
				CLANG_WARN_OBJC_ROOT_CLASS = YES_ERROR;
				CLANG_WARN_QUOTED_INCLUDE_IN_FRAMEWORK_HEADER = YES;
				CLANG_WARN_RANGE_LOOP_ANALYSIS = YES;
				CLANG_WARN_STRICT_PROTOTYPES = YES;
				CLANG_WARN_SUSPICIOUS_MOVE = YES;
				CLANG_WARN_UNGUARDED_AVAILABILITY = YES_AGGRESSIVE;
				CLANG_WARN_UNREACHABLE_CODE = YES;
				CLANG_WARN__DUPLICATE_METHOD_MATCH = YES;
				COPY_PHASE_STRIP = NO;
				DEBUG_INFORMATION_FORMAT = "dwarf-with-dsym";
				ENABLE_NS_ASSERTIONS = NO;
				ENABLE_STRICT_OBJC_MSGSEND = YES;
				GCC_C_LANGUAGE_STANDARD = gnu11;
				GCC_NO_COMMON_BLOCKS = YES;
				GCC_WARN_64_TO_32_BIT_CONVERSION = YES;
				GCC_WARN_ABOUT_RETURN_TYPE = YES_ERROR;
				GCC_WARN_UNDECLARED_SELECTOR = YES;
				GCC_WARN_UNINITIALIZED_AUTOS = YES_AGGRESSIVE;
				GCC_WARN_UNUSED_FUNCTION = YES;
				GCC_WARN_UNUSED_VARIABLE = YES;
				IPHONEOS_DEPLOYMENT_TARGET = 16.4;
				MTL_ENABLE_DEBUG_INFO = NO;
				MTL_FAST_MATH = YES;
				SDKROOT = iphoneos;
				SWIFT_COMPILATION_MODE = wholemodule;
				SWIFT_OPTIMIZATION_LEVEL = "-O";
				VALIDATE_PRODUCT = YES;
			};
			name = Release;
		};
		DB8EEAEE2A24F5CD006E91AD /* Debug */ = {
			isa = XCBuildConfiguration;
			buildSettings = {
				ASSETCATALOG_COMPILER_APPICON_NAME = AppIcon;
				ASSETCATALOG_COMPILER_GLOBAL_ACCENT_COLOR_NAME = AccentColor;
				CODE_SIGN_STYLE = Automatic;
				CURRENT_PROJECT_VERSION = 1;
				DEVELOPMENT_TEAM = 826F4CUPXU;
				GENERATE_INFOPLIST_FILE = YES;
				INFOPLIST_FILE = PokeDex/Info.plist;
				INFOPLIST_KEY_UIApplicationSupportsIndirectInputEvents = YES;
				INFOPLIST_KEY_UILaunchStoryboardName = LaunchScreen;
				INFOPLIST_KEY_UIMainStoryboardFile = Main;
				INFOPLIST_KEY_UISupportedInterfaceOrientations_iPad = "UIInterfaceOrientationPortrait UIInterfaceOrientationPortraitUpsideDown UIInterfaceOrientationLandscapeLeft UIInterfaceOrientationLandscapeRight";
				INFOPLIST_KEY_UISupportedInterfaceOrientations_iPhone = "UIInterfaceOrientationPortrait UIInterfaceOrientationLandscapeLeft UIInterfaceOrientationLandscapeRight";
				LD_RUNPATH_SEARCH_PATHS = (
					"$(inherited)",
					"@executable_path/Frameworks",
				);
				MARKETING_VERSION = 1.0;
				PRODUCT_BUNDLE_IDENTIFIER = jv658.PokeDex;
				PRODUCT_NAME = "$(TARGET_NAME)";
				SWIFT_EMIT_LOC_STRINGS = YES;
				SWIFT_VERSION = 5.0;
				TARGETED_DEVICE_FAMILY = "1,2";
			};
			name = Debug;
		};
		DB8EEAEF2A24F5CD006E91AD /* Release */ = {
			isa = XCBuildConfiguration;
			buildSettings = {
				ASSETCATALOG_COMPILER_APPICON_NAME = AppIcon;
				ASSETCATALOG_COMPILER_GLOBAL_ACCENT_COLOR_NAME = AccentColor;
				CODE_SIGN_STYLE = Automatic;
				CURRENT_PROJECT_VERSION = 1;
				DEVELOPMENT_TEAM = 826F4CUPXU;
				GENERATE_INFOPLIST_FILE = YES;
				INFOPLIST_FILE = PokeDex/Info.plist;
				INFOPLIST_KEY_UIApplicationSupportsIndirectInputEvents = YES;
				INFOPLIST_KEY_UILaunchStoryboardName = LaunchScreen;
				INFOPLIST_KEY_UIMainStoryboardFile = Main;
				INFOPLIST_KEY_UISupportedInterfaceOrientations_iPad = "UIInterfaceOrientationPortrait UIInterfaceOrientationPortraitUpsideDown UIInterfaceOrientationLandscapeLeft UIInterfaceOrientationLandscapeRight";
				INFOPLIST_KEY_UISupportedInterfaceOrientations_iPhone = "UIInterfaceOrientationPortrait UIInterfaceOrientationLandscapeLeft UIInterfaceOrientationLandscapeRight";
				LD_RUNPATH_SEARCH_PATHS = (
					"$(inherited)",
					"@executable_path/Frameworks",
				);
				MARKETING_VERSION = 1.0;
				PRODUCT_BUNDLE_IDENTIFIER = jv658.PokeDex;
				PRODUCT_NAME = "$(TARGET_NAME)";
				SWIFT_EMIT_LOC_STRINGS = YES;
				SWIFT_VERSION = 5.0;
				TARGETED_DEVICE_FAMILY = "1,2";
			};
			name = Release;
		};
/* End XCBuildConfiguration section */

/* Begin XCConfigurationList section */
		DB8EEAD42A24F5CD006E91AD /* Build configuration list for PBXProject "PokeDex" */ = {
			isa = XCConfigurationList;
			buildConfigurations = (
				DB8EEAEB2A24F5CD006E91AD /* Debug */,
				DB8EEAEC2A24F5CD006E91AD /* Release */,
			);
			defaultConfigurationIsVisible = 0;
			defaultConfigurationName = Release;
		};
		DB8EEAED2A24F5CD006E91AD /* Build configuration list for PBXNativeTarget "PokeDex" */ = {
			isa = XCConfigurationList;
			buildConfigurations = (
				DB8EEAEE2A24F5CD006E91AD /* Debug */,
				DB8EEAEF2A24F5CD006E91AD /* Release */,
			);
			defaultConfigurationIsVisible = 0;
			defaultConfigurationName = Release;
		};
/* End XCConfigurationList section */
	};
	rootObject = DB8EEAD12A24F5CD006E91AD /* Project object */;
}
